
Microsoft Visual Studio Solution File, Format Version 12.00
# Visual Studio Version 17
VisualStudioVersion = 17.0.32112.339
MinimumVisualStudioVersion = 10.0.40219.1
Project("{FAE04EC0-301F-11D3-BF4B-00C04F79EFBC}") = "metotrecursive-extension", "metotrecursive-extension.csproj", "{345CECAA-843E-4F68-A903-A7BEED716C6B}"
EndProject
Global
	GlobalSection(SolutionConfigurationPlatforms) = preSolution
		Debug|Any CPU = Debug|Any CPU
		Release|Any CPU = Release|Any CPU
	EndGlobalSection
	GlobalSection(ProjectConfigurationPlatforms) = postSolution
		{345CECAA-843E-4F68-A903-A7BEED716C6B}.Debug|Any CPU.ActiveCfg = Debug|Any CPU
		{345CECAA-843E-4F68-A903-A7BEED716C6B}.Debug|Any CPU.Build.0 = Debug|Any CPU
		{345CECAA-843E-4F68-A903-A7BEED716C6B}.Release|Any CPU.ActiveCfg = Release|Any CPU
		{345CECAA-843E-4F68-A903-A7BEED716C6B}.Release|Any CPU.Build.0 = Release|Any CPU
	EndGlobalSection
	GlobalSection(SolutionProperties) = preSolution
		HideSolutionNode = FALSE
	EndGlobalSection
	GlobalSection(ExtensibilityGlobals) = postSolution
		SolutionGuid = {D4060E07-FDC7-4AD3-89D9-265CD6B18FD9}
	EndGlobalSection
EndGlobal
